<?xml version="1.0" encoding="utf-8"?>
<Project ToolsVersion="4.0" xmlns="http://schemas.microsoft.com/developer/msbuild/2003">
  <ItemGroup>
    <Filter Include="Archivos de origen">
      <UniqueIdentifier>{4FC737F1-C7A5-4376-A066-2A32D752A2FF}</UniqueIdentifier>
      <Extensions>cpp;c;cc;cxx;c++;cppm;ixx;def;odl;idl;hpj;bat;asm;asmx</Extensions>
    </Filter>
    <Filter Include="Archivos de encabezado">
      <UniqueIdentifier>{93995380-89BD-4b04-88EB-625FBE52EBFB}</UniqueIdentifier>
      <Extensions>h;hh;hpp;hxx;h++;hm;inl;inc;ipp;xsd</Extensions>
    </Filter>
    <Filter Include="Archivos de recursos">
      <UniqueIdentifier>{67DA6AB6-F800-4c08-8B7A-83BB121AAD01}</UniqueIdentifier>
      <Extensions>rc;ico;cur;bmp;dlg;rc2;rct;bin;rgs;gif;jpg;jpeg;jpe;resx;tiff;tif;png;wav;mfcribbon-ms</Extensions>
    </Filter>
    <Filter Include="Archivos de encabezado\Layers">
      <UniqueIdentifier>{6cb71d6d-6fa7-4ebd-b875-b3eddab1add9}</UniqueIdentifier>
    </Filter>
    <Filter Include="Archivos de origen\Layers">
      <UniqueIdentifier>{6a1eecc0-f670-4725-8b72-0cbed4302245}</UniqueIdentifier>
    </Filter>
    <Filter Include="Archivos de origen\Actores">
      <UniqueIdentifier>{f7ac09c1-9ae5-4906-a2d4-9dbd8ee17b3e}</UniqueIdentifier>
    </Filter>
    <Filter Include="Archivos de encabezado\Actores">
      <UniqueIdentifier>{16187133-3e79-4ce8-878f-548903026a53}</UniqueIdentifier>
    </Filter>
    <Filter Include="Archivos de encabezado\Actores\Enemigo">
      <UniqueIdentifier>{6d202f41-e1bd-4aa5-9c9a-0d7246c921ab}</UniqueIdentifier>
    </Filter>
    <Filter Include="Archivos de origen\Actores\Enemigo">
      <UniqueIdentifier>{b941cf1c-410f-419b-98bc-1370dae3a936}</UniqueIdentifier>
    </Filter>
  </ItemGroup>
  <ItemGroup>
    <ClCompile Include="Main.cpp">
      <Filter>Archivos de origen</Filter>
    </ClCompile>
    <ClCompile Include="Game.cpp">
      <Filter>Archivos de origen</Filter>
    </ClCompile>
    <ClCompile Include="Layer.cpp">
      <Filter>Archivos de origen\Layers</Filter>
    </ClCompile>
    <ClCompile Include="GameLayer.cpp">
      <Filter>Archivos de origen\Layers</Filter>
    </ClCompile>
    <ClCompile Include="Actor.cpp">
      <Filter>Archivos de origen\Actores</Filter>
    </ClCompile>
    <ClCompile Include="Player.cpp">
      <Filter>Archivos de origen\Actores</Filter>
    </ClCompile>
    <ClCompile Include="Background.cpp">
      <Filter>Archivos de origen\Actores</Filter>
    </ClCompile>
    <ClCompile Include="Projectile.cpp">
      <Filter>Archivos de origen\Actores</Filter>
    </ClCompile>
    <ClCompile Include="Text.cpp">
      <Filter>Archivos de origen\Actores</Filter>
    </ClCompile>
    <ClCompile Include="Animation.cpp">
      <Filter>Archivos de origen</Filter>
    </ClCompile>
    <ClCompile Include="Audio.cpp">
      <Filter>Archivos de origen</Filter>
    </ClCompile>
    <ClCompile Include="Enemy.cpp">
      <Filter>Archivos de origen\Actores\Enemigo</Filter>
    </ClCompile>
    <ClCompile Include="EnemyBase.cpp">
      <Filter>Archivos de origen\Actores\Enemigo</Filter>
    </ClCompile>
    <ClCompile Include="EnemyExtra.cpp">
      <Filter>Archivos de origen\Actores\Enemigo</Filter>
    </ClCompile>
  </ItemGroup>
  <ItemGroup>
    <ClInclude Include="Game.h">
      <Filter>Archivos de encabezado</Filter>
    </ClInclude>
    <ClInclude Include="Layer.h">
      <Filter>Archivos de encabezado\Layers</Filter>
    </ClInclude>
    <ClInclude Include="GameLayer.h">
      <Filter>Archivos de encabezado\Layers</Filter>
    </ClInclude>
    <ClInclude Include="Actor.h">
      <Filter>Archivos de encabezado\Actores</Filter>
    </ClInclude>
    <ClInclude Include="Player.h">
      <Filter>Archivos de encabezado\Actores</Filter>
    </ClInclude>
    <ClInclude Include="Background.h">
      <Filter>Archivos de encabezado\Actores</Filter>
    </ClInclude>
    <ClInclude Include="Projectile.h">
      <Filter>Archivos de encabezado\Actores</Filter>
    </ClInclude>
    <ClInclude Include="Text.h">
      <Filter>Archivos de encabezado\Actores</Filter>
    </ClInclude>
    <ClInclude Include="Animation.h">
      <Filter>Archivos de encabezado</Filter>
    </ClInclude>
    <ClInclude Include="Audio.h">
      <Filter>Archivos de encabezado</Filter>
    </ClInclude>
    <ClInclude Include="EnemyBase.h">
      <Filter>Archivos de encabezado\Actores\Enemigo</Filter>
    </ClInclude>
    <ClInclude Include="Enemy.h">
      <Filter>Archivos de encabezado\Actores\Enemigo</Filter>
    </ClInclude>
    <ClInclude Include="EnemyExtra.h">
      <Filter>Archivos de encabezado\Actores\Enemigo</Filter>
    </ClInclude>
  </ItemGroup>
</Project>